# DoR/DoD for: Add blocker detection to prod-cycle (UBV: 6, TC: 8, RR: 6, Size: 2, Created: 2025-11-15)
# Pattern: Guardrail-Lock
# Auto-generated from template

definition_of_ready:
  - criterion: Health checks defined
    description: Clear health status indicators (healthy/degraded/critical)
    validation: Health check endpoints return status
  - criterion: Guardrails identified
    description: List of operations to block when degraded
    validation: Guardrail configuration file exists
  - criterion: Override mechanism
    description: Emergency bypass procedure documented
    validation: Override process in runbook with audit logging

definition_of_done:
  - criterion: Health monitoring active
    description: Real-time health status tracking
    validation: Health metrics flowing to dashboard
    command: "python3 scripts/monitoring/check_health_metrics.py --module {{module}}"
    blocking: True
  - criterion: Locks enforced
    description: Risky operations blocked when health < threshold
    validation: Integration tests confirm lock behavior
    command: "pytest tests/guardrails/test_{{module}}_locks.py -v"
    blocking: True
  - criterion: User feedback
    description: Clear error messages when operations locked
    validation: Error responses include health status and ETA
    blocking: False
  - criterion: Override audited
    description: All override attempts logged with justification
    validation: Override events in audit log
    command: "grep -q 'guardrail_override' logs/audit.jsonl"
    blocking: False
  - criterion: Auto-recovery tested
    description: Locks automatically release when health improves
    validation: Recovery tests pass
    command: "pytest tests/guardrails/test_{{module}}_recovery.py -v"
    blocking: True
